// !$*UTF8*$!
{
	archiveVersion = 1;
	classes = {
	};
	objectVersion = 77;
	objects = {

/* Begin PBXContainerItemProxy section */
		84F064A72FF9D36A00F1F49E /* PBXContainerItemProxy */ = {
			isa = PBXContainerItemProxy;
			containerPortal = 84F064912FF9D36900F1F49E /* Project object */;
			proxyType = 1;
			remoteGlobalIDString = 84F064982FF9D36900F1F49E;
			remoteInfo = RouteFinderApp;
		};
		84F064B12FF9D36A00F1F49E /* PBXContainerItemProxy */ = {
			isa = PBXContainerItemProxy;
			containerPortal = 84F064912FF9D36900F1F49E /* Project object */;
			proxyType = 1;
			remoteGlobalIDString = 84F064982FF9D36900F1F49E;
			remoteInfo = RouteFinderApp;
		};
/* End PBXContainerItemProxy section */

/* Begin PBXFileReference section */
		84F064992FF9D36900F1F49E /* RouteFinderApp.app */ = {isa = PBXFileReference; explicitFileType = wrapper.application; includeInIndex = 0; path = RouteFinderApp.app; sourceTree = BUILT_PRODUCTS_DIR; };
		84F064A62FF9D36A00F1F49E /* RouteFinderAppTests.xctest */ = {isa = PBXFileReference; explicitFileType = wrapper.cfbundle; includeInIndex = 0; path = RouteFinderAppTests.xctest; sourceTree = BUILT_PRODUCTS_DIR; };
		84F064B02FF9D36A00F1F49E /* RouteFinderAppUITests.xctest */ = {isa = PBXFileReference; explicitFileType = wrapper.cfbundle; includeInIndex = 0; path = RouteFinderAppUITests.xctest; sourceTree = BUILT_PRODUCTS_DIR; };
/* End PBXFileReference section */

/* Begin PBXFileSystemSynchronizedRootGroup section */
		84F0649B2FF9D36900F1F49E /* RouteFinderApp */ = {
			isa = PBXFileSystemSynchronizedRootGroup;
			exceptions = (
				84F064C62FF9D37D00F1F49E /* Exceptions for "RouteFinderApp" folder in "RouteFinderApp" target */,
			);
			path = RouteFinderApp;
			sourceTree = "<group>";
		};
		84F064A92FF9D36A00F1F49E /* RouteFinderAppTests */ = {
			isa = PBXFileSystemSynchronizedRootGroup;
			path = RouteFinderAppTests;
			sourceTree = "<group>";
		};
		84F064B32FF9D36A00F1F49E /* RouteFinderAppUITests */ = {
			isa = PBXFileSystemSynchronizedRootGroup;
			path = RouteFinderAppUITests;
			sourceTree = "<group>";
		};
/* End PBXFileSystemSynchronizedRootGroup section */

/* Begin PBXFrameworksBuildPhase section */
		84F064962FF9D36900F1F49E /* Frameworks */ = {
			isa = PBXFrameworksBuildPhase;
			buildActionMask = 2147483647;
			files = (
			);
			runOnlyForDeploymentPostprocessing = 0;
		};
		84F064A32FF9D36A00F1F49E /* Frameworks */ = {
			isa = PBXFrameworksBuildPhase;
			buildActionMask = 2147483647;
			files = (
			);
			runOnlyForDeploymentPostprocessing = 0;
		};
		84F064AD2FF9D36A00F1F49E /* Frameworks */ = {
			isa = PBXFrameworksBuildPhase;
			buildActionMask = 2147483647;
			files = (
			);
			runOnlyForDeploymentPostprocessing = 0;
		};
/* End PBXFrameworksBuildPhase section */

/* Begin PBXGroup section */
		84F064902FF9D36900F1F49E = {
			isa = PBXGroup;
			children = (
				84F0649B2FF9D36900F1F49E /* RouteFinderApp */,
				84F064A92FF9D36A00F1F49E /* RouteFinderAppTests */,
				84F064B32FF9D36A00F1F49E /* RouteFinderAppUITests */,
				84F0649A2FF9D36900F1F49E /* Products */,
			);
			sourceTree = "<group>";
		};
		84F0649A2FF9D36900F1F49E /* Products */ = {
			isa = PBXGroup;
			children = (
				84F064992FF9D36900F1F49E /* RouteFinderApp.app */,
				84F064A62FF9D36A00F1F49E /* RouteFinderAppTests.xctest */,
				84F064B02FF9D36A00F1F49E /* RouteFinderAppUITests.xctest */,
			);
			name = Products;
			sourceTree = "<group>";
		};
/* End PBXGroup section */

/* Begin PBXNativeTarget section */
		84F064982FF9D36900F1F49E /* RouteFinderApp */ = {
			isa = PBXNativeTarget;
			buildConfigurationList = 84F064BA2FF9D36A00F1F49E /* Build configuration list for PBXNativeTarget "RouteFinderApp" */;
			buildPhases = (
				84F064952FF9D36900F1F49E /* Sources */,
				84F064962FF9D36900F1F49E /* Frameworks */,
				84F064972FF9D36900F1F49E /* Resources */,
			);
			buildRules = (
			);
			dependencies = (
			);
			fileSystemSynchronizedGroups = (
				84F0649B2FF9D36900F1F49E /* RouteFinderApp */,
			);
			name = RouteFinderApp;
			packageProductDependencies = (
				84F064C42FF9D37C00F1F49E /* UI */,
				84F064C52FF9D37C00F1F49E /* CarPlayUI */,
			);
			productName = RouteFinderApp;
			productReference = 84F064992FF9D36900F1F49E /* RouteFinderApp.app */;
			productType = "com.apple.product-type.application";
		};
		84F064A52FF9D36A00F1F49E /* RouteFinderAppTests */ = {
			isa = PBXNativeTarget;
			buildConfigurationList = 84F064BD2FF9D36A00F1F49E /* Build configuration list for PBXNativeTarget "RouteFinderAppTests" */;
			buildPhases = (
				84F064A22FF9D36A00F1F49E /* Sources */,
				84F064A32FF9D36A00F1F49E /* Frameworks */,
				84F064A42FF9D36A00F1F49E /* Resources */,
			);
			buildRules = (
			);
			dependencies = (
				84F064A82FF9D36A00F1F49E /* PBXTargetDependency */,
			);
			fileSystemSynchronizedGroups = (
				84F064A92FF9D36A00F1F49E /* RouteFinderAppTests */,
			);
			name = RouteFinderAppTests;
			packageProductDependencies = (
			);
			productName = RouteFinderAppTests;
			productReference = 84F064A62FF9D36A00F1F49E /* RouteFinderAppTests.xctest */;
			productType = "com.apple.product-type.bundle.unit-test";
		};
		84F064AF2FF9D36A00F1F49E /* RouteFinderAppUITests */ = {
			isa = PBXNativeTarget;
			buildConfigurationList = 84F064C02FF9D36A00F1F49E /* Build configuration list for PBXNativeTarget "RouteFinderAppUITests" */;
			buildPhases = (
				84F064AC2FF9D36A00F1F49E /* Sources */,
				84F064AD2FF9D36A00F1F49E /* Frameworks */,
				84F064AE2FF9D36A00F1F49E /* Resources */,
			);
			buildRules = (
			);
			dependencies = (
				84F064B22FF9D36A00F1F49E /* PBXTargetDependency */,
			);
			fileSystemSynchronizedGroups = (
				84F064B32FF9D36A00F1F49E /* RouteFinderAppUITests */,
			);
			name = RouteFinderAppUITests;
			packageProductDependencies = (
			);
			productName = RouteFinderAppUITests;
			productReference = 84F064B02FF9D36A00F1F49E /* RouteFinderAppUITests.xctest */;
			productType = "com.apple.product-type.bundle.ui-testing";
		};
/* End PBXNativeTarget section */

/* Begin PBXProject section */
		84F064912FF9D36900F1F49E /* Project object */ = {
			isa = PBXProject;
			attributes = {
				BuildIndependentTargetsInParallel = 1;
				LastSwiftUpdateCheck = 2660;
				LastUpgradeCheck = 2660;
				TargetAttributes = {
					84F064982FF9D36900F1F49E = {
						CreatedOnToolsVersion = 26.6;
					};
					84F064A52FF9D36A00F1F49E = {
						CreatedOnToolsVersion = 26.6;
						TestTargetID = 84F064982FF9D36900F1F49E;
					};
					84F064AF2FF9D36A00F1F49E = {
						CreatedOnToolsVersion = 26.6;
						TestTargetID = 84F064982FF9D36900F1F49E;
					};
				};
			};
			buildConfigurationList = 84F064942FF9D36900F1F49E /* Build configuration list for PBXProject "RouteFinderApp" */;
			developmentRegion = en;
			hasScannedForEncodings = 0;
			knownRegions = (
				en,
				Base,
			);
			mainGroup = 84F064902FF9D36900F1F49E;
			minimizedProjectReferenceProxies = 1;
			packageReferences = (
				84F064C32FF9D37C00F1F49E /* XCLocalSwiftPackageReference "../RouteFinder" */,
			);
			preferredProjectObjectVersion = 77;
			productRefGroup = 84F0649A2FF9D36900F1F49E /* Products */;
			projectDirPath = "";
			projectRoot = "";
			targets = (
				84F064982FF9D36900F1F49E /* RouteFinderApp */,
				84F064A52FF9D36A00F1F49E /* RouteFinderAppTests */,
				84F064AF2FF9D36A00F1F49E /* RouteFinderAppUITests */,
			);
		};
/* End PBXProject section */

/* Begin PBXResourcesBuildPhase section */
		84F064972FF9D36900F1F49E /* Resources */ = {
			isa = PBXResourcesBuildPhase;
			buildActionMask = 2147483647;
			files = (
			);
			runOnlyForDeploymentPostprocessing = 0;
		};
		84F064A42FF9D36A00F1F49E /* Resources */ = {
			isa = PBXResourcesBuildPhase;
			buildActionMask = 2147483647;
			files = (
			);
			runOnlyForDeploymentPostprocessing = 0;
		};
		84F064AE2FF9D36A00F1F49E /* Resources */ = {
			isa = PBXResourcesBuildPhase;
			buildActionMask = 2147483647;
			files = (
			);
			runOnlyForDeploymentPostprocessing = 0;
		};
/* End PBXResourcesBuildPhase section */

/* Begin PBXSourcesBuildPhase section */
		84F064952FF9D36900F1F49E /* Sources */ = {
			isa = PBXSourcesBuildPhase;
			buildActionMask = 2147483647;
			files = (
			);
			runOnlyForDeploymentPostprocessing = 0;
		};
		84F064A22FF9D36A00F1F49E /* Sources */ = {
			isa = PBXSourcesBuildPhase;
			buildActionMask = 2147483647;
			files = (
			);
			runOnlyForDeploymentPostprocessing = 0;
		};
		84F064AC2FF9D36A00F1F49E /* Sources */ = {
			isa = PBXSourcesBuildPhase;
			buildActionMask = 2147483647;
			files = (
			);
			runOnlyForDeploymentPostprocessing = 0;
		};
/* End PBXSourcesBuildPhase section */

/* Begin PBXTargetDependency section */
		84F064A82FF9D36A00F1F49E /* PBXTargetDependency */ = {
			isa = PBXTargetDependency;
			target = 84F064982FF9D36900F1F49E /* RouteFinderApp */;
			targetProxy = 84F064A72FF9D36A00F1F49E /* PBXContainerItemProxy */;
		};
		84F064B22FF9D36A00F1F49E /* PBXTargetDependency */ = {
			isa = PBXTargetDependency;
			target = 84F064982FF9D36900F1F49E /* RouteFinderApp */;
			targetProxy = 84F064B12FF9D36A00F1F49E /* PBXContainerItemProxy */;
		};
/* End PBXTargetDependency section */

/* Begin XCBuildConfiguration section */
		84F064B82FF9D36A00F1F49E /* Debug */ = {
			isa = XCBuildConfiguration;
			buildSettings = {
				ALWAYS_SEARCH_USER_PATHS = NO;
				ASSETCATALOG_COMPILER_GENERATE_SWIFT_ASSET_SYMBOL_EXTENSIONS = YES;
				CLANG_ANALYZER_NONNULL = YES;
				CLANG_ANALYZER_NUMBER_OBJECT_CONVERSION = YES_AGGRESSIVE;
				CLANG_CXX_LANGUAGE_STANDARD = "gnu++20";
				CLANG_ENABLE_MODULES = YES;
				CLANG_ENABLE_OBJC_ARC = YES;
				CLANG_ENABLE_OBJC_WEAK = YES;
				CLANG_WARN_BLOCK_CAPTURE_AUTORELEASING = YES;
				CLANG_WARN_BOOL_CONVERSION = YES;
				CLANG_WARN_COMMA = YES;
				CLANG_WARN_CONSTANT_CONVERSION = YES;
				CLANG_WARN_DEPRECATED_OBJC_IMPLEMENTATIONS = YES;
				CLANG_WARN_DIRECT_OBJC_ISA_USAGE = YES_ERROR;
				CLANG_WARN_DOCUMENTATION_COMMENTS = YES;
				CLANG_WARN_EMPTY_BODY = YES;
				CLANG_WARN_ENUM_CONVERSION = YES;
				CLANG_WARN_INFINITE_RECURSION = YES;
				CLANG_WARN_INT_CONVERSION = YES;
				CLANG_WARN_NON_LITERAL_NULL_CONVERSION = YES;
				CLANG_WARN_OBJC_IMPLICIT_RETAIN_SELF = YES;
				CLANG_WARN_OBJC_LITERAL_CONVERSION = YES;
				CLANG_WARN_OBJC_ROOT_CLASS = YES_ERROR;
				CLANG_WARN_QUOTED_INCLUDE_IN_FRAMEWORK_HEADER = YES;
				CLANG_WARN_RANGE_LOOP_ANALYSIS = YES;
				CLANG_WARN_STRICT_PROTOTYPES = YES;
				CLANG_WARN_SUSPICIOUS_MOVE = YES;
				CLANG_WARN_UNGUARDED_AVAILABILITY = YES_AGGRESSIVE;
				CLANG_WARN_UNREACHABLE_CODE = YES;
				CLANG_WARN__DUPLICATE_METHOD_MATCH = YES;
				COPY_PHASE_STRIP = NO;
				DEBUG_INFORMATION_FORMAT = dwarf;
				DEVELOPMENT_TEAM = GHBHLM9UAX;
				ENABLE_STRICT_OBJC_MSGSEND = YES;
				ENABLE_TESTABILITY = YES;
				ENABLE_USER_SCRIPT_SANDBOXING = YES;
				GCC_C_LANGUAGE_STANDARD = gnu17;
				GCC_DYNAMIC_NO_PIC = NO;
				GCC_NO_COMMON_BLOCKS = YES;
				GCC_OPTIMIZATION_LEVEL = 0;
				GCC_PREPROCESSOR_DEFINITIONS = (
					"DEBUG=1",
					"$(inherited)",
				);
				GCC_WARN_64_TO_32_BIT_CONVERSION = YES;
				GCC_WARN_ABOUT_RETURN_TYPE = YES_ERROR;
				GCC_WARN_UNDECLARED_SELECTOR = YES;
				GCC_WARN_UNINITIALIZED_AUTOS = YES_AGGRESSIVE;
				GCC_WARN_UNUSED_FUNCTION = YES;
				GCC_WARN_UNUSED_VARIABLE = YES;
				LOCALIZATION_PREFERS_STRING_CATALOGS = YES;
				MTL_ENABLE_DEBUG_INFO = INCLUDE_SOURCE;
				MTL_FAST_MATH = YES;
				ONLY_ACTIVE_ARCH = YES;
				SWIFT_ACTIVE_COMPILATION_CONDITIONS = "DEBUG $(inherited)";
				SWIFT_OPTIMIZATION_LEVEL = "-Onone";
			};
			name = Debug;
		};
		84F064B92FF9D36A00F1F49E /* Release */ = {
			isa = XCBuildConfiguration;
			buildSettings = {
				ALWAYS_SEARCH_USER_PATHS = NO;
				ASSETCATALOG_COMPILER_GENERATE_SWIFT_ASSET_SYMBOL_EXTENSIONS = YES;
				CLANG_ANALYZER_NONNULL = YES;
				CLANG_ANALYZER_NUMBER_OBJECT_CONVERSION = YES_AGGRESSIVE;
				CLANG_CXX_LANGUAGE_STANDARD = "gnu++20";
				CLANG_ENABLE_MODULES = YES;
				CLANG_ENABLE_OBJC_ARC = YES;
				CLANG_ENABLE_OBJC_WEAK = YES;
				CLANG_WARN_BLOCK_CAPTURE_AUTORELEASING = YES;
				CLANG_WARN_BOOL_CONVERSION = YES;
				CLANG_WARN_COMMA = YES;
				CLANG_WARN_CONSTANT_CONVERSION = YES;
				CLANG_WARN_DEPRECATED_OBJC_IMPLEMENTATIONS = YES;
				CLANG_WARN_DIRECT_OBJC_ISA_USAGE = YES_ERROR;
				CLANG_WARN_DOCUMENTATION_COMMENTS = YES;
				CLANG_WARN_EMPTY_BODY = YES;
				CLANG_WARN_ENUM_CONVERSION = YES;
				CLANG_WARN_INFINITE_RECURSION = YES;
				CLANG_WARN_INT_CONVERSION = YES;
				CLANG_WARN_NON_LITERAL_NULL_CONVERSION = YES;
				CLANG_WARN_OBJC_IMPLICIT_RETAIN_SELF = YES;
				CLANG_WARN_OBJC_LITERAL_CONVERSION = YES;
				CLANG_WARN_OBJC_ROOT_CLASS = YES_ERROR;
				CLANG_WARN_QUOTED_INCLUDE_IN_FRAMEWORK_HEADER = YES;
				CLANG_WARN_RANGE_LOOP_ANALYSIS = YES;
				CLANG_WARN_STRICT_PROTOTYPES = YES;
				CLANG_WARN_SUSPICIOUS_MOVE = YES;
				CLANG_WARN_UNGUARDED_AVAILABILITY = YES_AGGRESSIVE;
				CLANG_WARN_UNREACHABLE_CODE = YES;
				CLANG_WARN__DUPLICATE_METHOD_MATCH = YES;
				COPY_PHASE_STRIP = NO;
				DEBUG_INFORMATION_FORMAT = "dwarf-with-dsym";
				DEVELOPMENT_TEAM = GHBHLM9UAX;
				ENABLE_NS_ASSERTIONS = NO;
				ENABLE_STRICT_OBJC_MSGSEND = YES;
				ENABLE_USER_SCRIPT_SANDBOXING = YES;
				GCC_C_LANGUAGE_STANDARD = gnu17;
				GCC_NO_COMMON_BLOCKS = YES;
				GCC_WARN_64_TO_32_BIT_CONVERSION = YES;
				GCC_WARN_ABOUT_RETURN_TYPE = YES_ERROR;
				GCC_WARN_UNDECLARED_SELECTOR = YES;
				GCC_WARN_UNINITIALIZED_AUTOS = YES_AGGRESSIVE;
				GCC_WARN_UNUSED_FUNCTION = YES;
				GCC_WARN_UNUSED_VARIABLE = YES;
				LOCALIZATION_PREFERS_STRING_CATALOGS = YES;
				MTL_ENABLE_DEBUG_INFO = NO;
				MTL_FAST_MATH = YES;
				SWIFT_COMPILATION_MODE = wholemodule;
			};
			name = Release;
		};
		84F064BB2FF9D36A00F1F49E /* Debug */ = {
			isa = XCBuildConfiguration;
			buildSettings = {
				ASSETCATALOG_COMPILER_APPICON_NAME = AppIcon;
				ASSETCATALOG_COMPILER_GLOBAL_ACCENT_COLOR_NAME = AccentColor;
				CODE_SIGN_ENTITLEMENTS = RouteFinderApp/RouteFinderApp.entitlements;
				CODE_SIGN_STYLE = Automatic;
				CURRENT_PROJECT_VERSION = 1;
				DEVELOPMENT_TEAM = GHBHLM9UAX;
				ENABLE_PREVIEWS = YES;
				GENERATE_INFOPLIST_FILE = YES;
				INFOPLIST_FILE = RouteFinderApp/Info.plist;
				"INFOPLIST_KEY_UIApplicationSceneManifest_Generation[sdk=iphoneos*]" = YES;
				"INFOPLIST_KEY_UIApplicationSceneManifest_Generation[sdk=iphonesimulator*]" = YES;
				"INFOPLIST_KEY_UIApplicationSupportsIndirectInputEvents[sdk=iphoneos*]" = YES;
				"INFOPLIST_KEY_UIApplicationSupportsIndirectInputEvents[sdk=iphonesimulator*]" = YES;
				"INFOPLIST_KEY_UILaunchScreen_Generation[sdk=iphoneos*]" = YES;
				"INFOPLIST_KEY_UILaunchScreen_Generation[sdk=iphonesimulator*]" = YES;
				"INFOPLIST_KEY_UIStatusBarStyle[sdk=iphoneos*]" = UIStatusBarStyleDefault;
				"INFOPLIST_KEY_UIStatusBarStyle[sdk=iphonesimulator*]" = UIStatusBarStyleDefault;
				INFOPLIST_KEY_UISupportedInterfaceOrientations_iPad = "UIInterfaceOrientationPortrait UIInterfaceOrientationPortraitUpsideDown UIInterfaceOrientationLandscapeLeft UIInterfaceOrientationLandscapeRight";
				INFOPLIST_KEY_UISupportedInterfaceOrientations_iPhone = "UIInterfaceOrientationPortrait UIInterfaceOrientationLandscapeLeft UIInterfaceOrientationLandscapeRight";
				IPHONEOS_DEPLOYMENT_TARGET = 26.5;
				LD_RUNPATH_SEARCH_PATHS = "@executable_path/Frameworks";
				MARKETING_VERSION = 1.0;
				PRODUCT_BUNDLE_IDENTIFIER = Learning.RouteFinderApp;
				PRODUCT_NAME = "$(TARGET_NAME)";
				REGISTER_APP_GROUPS = YES;
				SDKROOT = iphoneos;
				STRING_CATALOG_GENERATE_SYMBOLS = YES;
				SUPPORTED_PLATFORMS = "iphoneos iphonesimulator";
				SUPPORTS_MACCATALYST = NO;
				SWIFT_APPROACHABLE_CONCURRENCY = YES;
				SWIFT_DEFAULT_ACTOR_ISOLATION = MainActor;
				SWIFT_EMIT_LOC_STRINGS = YES;
				SWIFT_UPCOMING_FEATURE_MEMBER_IMPORT_VISIBILITY = YES;
				SWIFT_VERSION = 5.0;
				TARGETED_DEVICE_FAMILY = "1,2";
			};
			name = Debug;
		};
		84F064BC2FF9D36A00F1F49E /* Release */ = {
			isa = XCBuildConfiguration;
			buildSettings = {
				ASSETCATALOG_COMPILER_APPICON_NAME = AppIcon;
				ASSETCATALOG_COMPILER_GLOBAL_ACCENT_COLOR_NAME = AccentColor;
				CODE_SIGN_ENTITLEMENTS = RouteFinderApp/RouteFinderApp.entitlements;
				CODE_SIGN_STYLE = Automatic;
				CURRENT_PROJECT_VERSION = 1;
				DEVELOPMENT_TEAM = GHBHLM9UAX;
				ENABLE_PREVIEWS = YES;
				GENERATE_INFOPLIST_FILE = YES;
				INFOPLIST_FILE = RouteFinderApp/Info.plist;
				"INFOPLIST_KEY_UIApplicationSceneManifest_Generation[sdk=iphoneos*]" = YES;
				"INFOPLIST_KEY_UIApplicationSceneManifest_Generation[sdk=iphonesimulator*]" = YES;
				"INFOPLIST_KEY_UIApplicationSupportsIndirectInputEvents[sdk=iphoneos*]" = YES;
				"INFOPLIST_KEY_UIApplicationSupportsIndirectInputEvents[sdk=iphonesimulator*]" = YES;
				"INFOPLIST_KEY_UILaunchScreen_Generation[sdk=iphoneos*]" = YES;
				"INFOPLIST_KEY_UILaunchScreen_Generation[sdk=iphonesimulator*]" = YES;
				"INFOPLIST_KEY_UIStatusBarStyle[sdk=iphoneos*]" = UIStatusBarStyleDefault;
				"INFOPLIST_KEY_UIStatusBarStyle[sdk=iphonesimulator*]" = UIStatusBarStyleDefault;
				INFOPLIST_KEY_UISupportedInterfaceOrientations_iPad = "UIInterfaceOrientationPortrait UIInterfaceOrientationPortraitUpsideDown UIInterfaceOrientationLandscapeLeft UIInterfaceOrientationLandscapeRight";
				INFOPLIST_KEY_UISupportedInterfaceOrientations_iPhone = "UIInterfaceOrientationPortrait UIInterfaceOrientationLandscapeLeft UIInterfaceOrientationLandscapeRight";
				IPHONEOS_DEPLOYMENT_TARGET = 26.5;
				LD_RUNPATH_SEARCH_PATHS = "@executable_path/Frameworks";
				MARKETING_VERSION = 1.0;
				PRODUCT_BUNDLE_IDENTIFIER = Learning.RouteFinderApp;
				PRODUCT_NAME = "$(TARGET_NAME)";
				REGISTER_APP_GROUPS = YES;
				SDKROOT = iphoneos;
				STRING_CATALOG_GENERATE_SYMBOLS = YES;
				SUPPORTED_PLATFORMS = "iphoneos iphonesimulator";
				SUPPORTS_MACCATALYST = NO;
				SWIFT_APPROACHABLE_CONCURRENCY = YES;
				SWIFT_DEFAULT_ACTOR_ISOLATION = MainActor;
				SWIFT_EMIT_LOC_STRINGS = YES;
				SWIFT_UPCOMING_FEATURE_MEMBER_IMPORT_VISIBILITY = YES;
				SWIFT_VERSION = 5.0;
				TARGETED_DEVICE_FAMILY = "1,2";
			};
			name = Release;
		};
		84F064BE2FF9D36A00F1F49E /* Debug */ = {
			isa = XCBuildConfiguration;
			buildSettings = {
				BUNDLE_LOADER = "$(TEST_HOST)";
				CODE_SIGN_STYLE = Automatic;
				CURRENT_PROJECT_VERSION = 1;
				DEVELOPMENT_TEAM = GHBHLM9UAX;
				GENERATE_INFOPLIST_FILE = YES;
				IPHONEOS_DEPLOYMENT_TARGET = 26.5;
				MARKETING_VERSION = 1.0;
				PRODUCT_BUNDLE_IDENTIFIER = Learning.RouteFinderAppTests;
				PRODUCT_NAME = "$(TARGET_NAME)";
				SDKROOT = iphoneos;
				STRING_CATALOG_GENERATE_SYMBOLS = NO;
				SUPPORTED_PLATFORMS = "iphoneos iphonesimulator";
				SUPPORTS_MACCATALYST = NO;
				SWIFT_APPROACHABLE_CONCURRENCY = YES;
				SWIFT_EMIT_LOC_STRINGS = NO;
				SWIFT_UPCOMING_FEATURE_MEMBER_IMPORT_VISIBILITY = YES;
				SWIFT_VERSION = 5.0;
				TARGETED_DEVICE_FAMILY = "1,2";
				TEST_HOST = "$(BUILT_PRODUCTS_DIR)/RouteFinderApp.app/$(BUNDLE_EXECUTABLE_FOLDER_PATH)/RouteFinderApp";
			};
			name = Debug;
		};
		84F064BF2FF9D36A00F1F49E /* Release */ = {
			isa = XCBuildConfiguration;
			buildSettings = {
				BUNDLE_LOADER = "$(TEST_HOST)";
				CODE_SIGN_STYLE = Automatic;
				CURRENT_PROJECT_VERSION = 1;
				DEVELOPMENT_TEAM = GHBHLM9UAX;
				GENERATE_INFOPLIST_FILE = YES;
				IPHONEOS_DEPLOYMENT_TARGET = 26.5;
				MARKETING_VERSION = 1.0;
				PRODUCT_BUNDLE_IDENTIFIER = Learning.RouteFinderAppTests;
				PRODUCT_NAME = "$(TARGET_NAME)";
				SDKROOT = iphoneos;
				STRING_CATALOG_GENERATE_SYMBOLS = NO;
				SUPPORTED_PLATFORMS = "iphoneos iphonesimulator";
				SUPPORTS_MACCATALYST = NO;
				SWIFT_APPROACHABLE_CONCURRENCY = YES;
				SWIFT_EMIT_LOC_STRINGS = NO;
				SWIFT_UPCOMING_FEATURE_MEMBER_IMPORT_VISIBILITY = YES;
				SWIFT_VERSION = 5.0;
				TARGETED_DEVICE_FAMILY = "1,2";
				TEST_HOST = "$(BUILT_PRODUCTS_DIR)/RouteFinderApp.app/$(BUNDLE_EXECUTABLE_FOLDER_PATH)/RouteFinderApp";
			};
			name = Release;
		};
		84F064C12FF9D36A00F1F49E /* Debug */ = {
			isa = XCBuildConfiguration;
			buildSettings = {
				CODE_SIGN_STYLE = Automatic;
				CURRENT_PROJECT_VERSION = 1;
				DEVELOPMENT_TEAM = GHBHLM9UAX;
				GENERATE_INFOPLIST_FILE = YES;
				IPHONEOS_DEPLOYMENT_TARGET = 26.5;
				MARKETING_VERSION = 1.0;
				PRODUCT_BUNDLE_IDENTIFIER = Learning.RouteFinderAppUITests;
				PRODUCT_NAME = "$(TARGET_NAME)";
				SDKROOT = iphoneos;
				STRING_CATALOG_GENERATE_SYMBOLS = NO;
				SUPPORTED_PLATFORMS = "iphoneos iphonesimulator";
				SUPPORTS_MACCATALYST = NO;
				SWIFT_APPROACHABLE_CONCURRENCY = YES;
				SWIFT_EMIT_LOC_STRINGS = NO;
				SWIFT_UPCOMING_FEATURE_MEMBER_IMPORT_VISIBILITY = YES;
				SWIFT_VERSION = 5.0;
				TARGETED_DEVICE_FAMILY = "1,2";
				TEST_TARGET_NAME = RouteFinderApp;
			};
			name = Debug;
		};
		84F064C22FF9D36A00F1F49E /* Release */ = {
			isa = XCBuildConfiguration;
			buildSettings = {
				CODE_SIGN_STYLE = Automatic;
				CURRENT_PROJECT_VERSION = 1;
				DEVELOPMENT_TEAM = GHBHLM9UAX;
				GENERATE_INFOPLIST_FILE = YES;
				IPHONEOS_DEPLOYMENT_TARGET = 26.5;
				MARKETING_VERSION = 1.0;
				PRODUCT_BUNDLE_IDENTIFIER = Learning.RouteFinderAppUITests;
				PRODUCT_NAME = "$(TARGET_NAME)";
				SDKROOT = iphoneos;
				STRING_CATALOG_GENERATE_SYMBOLS = NO;
				SUPPORTED_PLATFORMS = "iphoneos iphonesimulator";
				SUPPORTS_MACCATALYST = NO;
				SWIFT_APPROACHABLE_CONCURRENCY = YES;
				SWIFT_EMIT_LOC_STRINGS = NO;
				SWIFT_UPCOMING_FEATURE_MEMBER_IMPORT_VISIBILITY = YES;
				SWIFT_VERSION = 5.0;
				TARGETED_DEVICE_FAMILY = "1,2";
				TEST_TARGET_NAME = RouteFinderApp;
			};
			name = Release;
		};
/* End XCBuildConfiguration section */

/* Begin XCConfigurationList section */
		84F064942FF9D36900F1F49E /* Build configuration list for PBXProject "RouteFinderApp" */ = {
			isa = XCConfigurationList;
			buildConfigurations = (
				84F064B82FF9D36A00F1F49E /* Debug */,
				84F064B92FF9D36A00F1F49E /* Release */,
			);
			defaultConfigurationIsVisible = 0;
			defaultConfigurationName = Release;
		};
		84F064BA2FF9D36A00F1F49E /* Build configuration list for PBXNativeTarget "RouteFinderApp" */ = {
			isa = XCConfigurationList;
			buildConfigurations = (
				84F064BB2FF9D36A00F1F49E /* Debug */,
				84F064BC2FF9D36A00F1F49E /* Release */,
			);
			defaultConfigurationIsVisible = 0;
			defaultConfigurationName = Release;
		};
		84F064BD2FF9D36A00F1F49E /* Build configuration list for PBXNativeTarget "RouteFinderAppTests" */ = {
			isa = XCConfigurationList;
			buildConfigurations = (
				84F064BE2FF9D36A00F1F49E /* Debug */,
				84F064BF2FF9D36A00F1F49E /* Release */,
			);
			defaultConfigurationIsVisible = 0;
			defaultConfigurationName = Release;
		};
		84F064C02FF9D36A00F1F49E /* Build configuration list for PBXNativeTarget "RouteFinderAppUITests" */ = {
			isa = XCConfigurationList;
			buildConfigurations = (
				84F064C12FF9D36A00F1F49E /* Debug */,
				84F064C22FF9D36A00F1F49E /* Release */,
			);
			defaultConfigurationIsVisible = 0;
			defaultConfigurationName = Release;
		};
/* End XCConfigurationList section */

/* Begin PBXFileSystemSynchronizedBuildFileExceptionSet section */
		84F064C62FF9D37D00F1F49E /* Exceptions for "RouteFinderApp" folder in "RouteFinderApp" target */ = {
			isa = PBXFileSystemSynchronizedBuildFileExceptionSet;
			membershipExceptions = (
				Info.plist,
				RouteFinderApp.entitlements,
			);
			target = 84F064982FF9D36900F1F49E /* RouteFinderApp */;
		};
/* End PBXFileSystemSynchronizedBuildFileExceptionSet section */

/* Begin XCLocalSwiftPackageReference section */
		84F064C32FF9D37C00F1F49E /* XCLocalSwiftPackageReference "../RouteFinder" */ = {
			isa = XCLocalSwiftPackageReference;
			relativePath = ../RouteFinder;
		};
/* End XCLocalSwiftPackageReference section */

/* Begin XCSwiftPackageProductDependency section */
		84F064C42FF9D37C00F1F49E /* UI */ = {
			isa = XCSwiftPackageProductDependency;
			package = 84F064C32FF9D37C00F1F49E /* XCLocalSwiftPackageReference "../RouteFinder" */;
			productName = UI;
		};
		84F064C52FF9D37C00F1F49E /* CarPlayUI */ = {
			isa = XCSwiftPackageProductDependency;
			package = 84F064C32FF9D37C00F1F49E /* XCLocalSwiftPackageReference "../RouteFinder" */;
			productName = CarPlayUI;
		};
/* End XCSwiftPackageProductDependency section */
	};
	rootObject = 84F064912FF9D36900F1F49E /* Project object */;
}
